
Microsoft Visual Studio Solution File, Format Version 12.00
# Visual Studio Version 16
VisualStudioVersion = 16.0.30204.135
MinimumVisualStudioVersion = 10.0.40219.1
Project("{FAE04EC0-301F-11D3-BF4B-00C04F79EFBC}") = "aula", "aula.csproj", "{0B9987B9-01F1-4F61-A3CF-864CBD3048EE}"
EndProject
Global
	GlobalSection(SolutionConfigurationPlatforms) = preSolution
		Debug|Any CPU = Debug|Any CPU
		Release|Any CPU = Release|Any CPU
	EndGlobalSection
	GlobalSection(ProjectConfigurationPlatforms) = postSolution
		{0B9987B9-01F1-4F61-A3CF-864CBD3048EE}.Debug|Any CPU.ActiveCfg = Debug|Any CPU
		{0B9987B9-01F1-4F61-A3CF-864CBD3048EE}.Debug|Any CPU.Build.0 = Debug|Any CPU
		{0B9987B9-01F1-4F61-A3CF-864CBD3048EE}.Release|Any CPU.ActiveCfg = Release|Any CPU
		{0B9987B9-01F1-4F61-A3CF-864CBD3048EE}.Release|Any CPU.Build.0 = Release|Any CPU
	EndGlobalSection
	GlobalSection(SolutionProperties) = preSolution
		HideSolutionNode = FALSE
	EndGlobalSection
	GlobalSection(ExtensibilityGlobals) = postSolution
		SolutionGuid = {0D16FCA1-57D5-4746-A45B-0058677D1D89}
	EndGlobalSection
EndGlobal
