
Microsoft Visual Studio Solution File, Format Version 12.00
# Visual Studio Version 16
VisualStudioVersion = 16.0.30204.135
MinimumVisualStudioVersion = 10.0.40219.1
Project("{FAE04EC0-301F-11D3-BF4B-00C04F79EFBC}") = "aula", "aula.csproj", "{265EC675-5BB4-411C-8E18-200A8CFF7D03}"
EndProject
Global
	GlobalSection(SolutionConfigurationPlatforms) = preSolution
		Debug|Any CPU = Debug|Any CPU
		Release|Any CPU = Release|Any CPU
	EndGlobalSection
	GlobalSection(ProjectConfigurationPlatforms) = postSolution
		{265EC675-5BB4-411C-8E18-200A8CFF7D03}.Debug|Any CPU.ActiveCfg = Debug|Any CPU
		{265EC675-5BB4-411C-8E18-200A8CFF7D03}.Debug|Any CPU.Build.0 = Debug|Any CPU
		{265EC675-5BB4-411C-8E18-200A8CFF7D03}.Release|Any CPU.ActiveCfg = Release|Any CPU
		{265EC675-5BB4-411C-8E18-200A8CFF7D03}.Release|Any CPU.Build.0 = Release|Any CPU
	EndGlobalSection
	GlobalSection(SolutionProperties) = preSolution
		HideSolutionNode = FALSE
	EndGlobalSection
	GlobalSection(ExtensibilityGlobals) = postSolution
		SolutionGuid = {0CE4E0F9-202B-4403-AD3A-3E8E6C45C286}
	EndGlobalSection
EndGlobal
