
Microsoft Visual Studio Solution File, Format Version 12.00
# Visual Studio Version 16
VisualStudioVersion = 16.0.30204.135
MinimumVisualStudioVersion = 10.0.40219.1
Project("{FAE04EC0-301F-11D3-BF4B-00C04F79EFBC}") = "aula", "aula.csproj", "{974EE48F-AB20-4E54-BB4E-5393B4718EED}"
EndProject
Global
	GlobalSection(SolutionConfigurationPlatforms) = preSolution
		Debug|Any CPU = Debug|Any CPU
		Release|Any CPU = Release|Any CPU
	EndGlobalSection
	GlobalSection(ProjectConfigurationPlatforms) = postSolution
		{974EE48F-AB20-4E54-BB4E-5393B4718EED}.Debug|Any CPU.ActiveCfg = Debug|Any CPU
		{974EE48F-AB20-4E54-BB4E-5393B4718EED}.Debug|Any CPU.Build.0 = Debug|Any CPU
		{974EE48F-AB20-4E54-BB4E-5393B4718EED}.Release|Any CPU.ActiveCfg = Release|Any CPU
		{974EE48F-AB20-4E54-BB4E-5393B4718EED}.Release|Any CPU.Build.0 = Release|Any CPU
	EndGlobalSection
	GlobalSection(SolutionProperties) = preSolution
		HideSolutionNode = FALSE
	EndGlobalSection
	GlobalSection(ExtensibilityGlobals) = postSolution
		SolutionGuid = {2AF50290-5F31-4E9A-A1C8-5DC224FBA9FB}
	EndGlobalSection
EndGlobal
