
Microsoft Visual Studio Solution File, Format Version 12.00
# Visual Studio Version 16
VisualStudioVersion = 16.0.30204.135
MinimumVisualStudioVersion = 10.0.40219.1
Project("{FAE04EC0-301F-11D3-BF4B-00C04F79EFBC}") = "aula", "aula.csproj", "{1F3F4421-9A85-4414-AEBE-A1E70AB4B76B}"
EndProject
Global
	GlobalSection(SolutionConfigurationPlatforms) = preSolution
		Debug|Any CPU = Debug|Any CPU
		Release|Any CPU = Release|Any CPU
	EndGlobalSection
	GlobalSection(ProjectConfigurationPlatforms) = postSolution
		{1F3F4421-9A85-4414-AEBE-A1E70AB4B76B}.Debug|Any CPU.ActiveCfg = Debug|Any CPU
		{1F3F4421-9A85-4414-AEBE-A1E70AB4B76B}.Debug|Any CPU.Build.0 = Debug|Any CPU
		{1F3F4421-9A85-4414-AEBE-A1E70AB4B76B}.Release|Any CPU.ActiveCfg = Release|Any CPU
		{1F3F4421-9A85-4414-AEBE-A1E70AB4B76B}.Release|Any CPU.Build.0 = Release|Any CPU
	EndGlobalSection
	GlobalSection(SolutionProperties) = preSolution
		HideSolutionNode = FALSE
	EndGlobalSection
	GlobalSection(ExtensibilityGlobals) = postSolution
		SolutionGuid = {E7E49B3C-28E0-4E84-BD90-4390C67D025E}
	EndGlobalSection
EndGlobal
