
Microsoft Visual Studio Solution File, Format Version 12.00
# Visual Studio Version 16
VisualStudioVersion = 16.0.30204.135
MinimumVisualStudioVersion = 10.0.40219.1
Project("{FAE04EC0-301F-11D3-BF4B-00C04F79EFBC}") = "aula", "aula.csproj", "{65E77FB7-BA67-4652-9BF1-CB9EBB441784}"
EndProject
Global
	GlobalSection(SolutionConfigurationPlatforms) = preSolution
		Debug|Any CPU = Debug|Any CPU
		Release|Any CPU = Release|Any CPU
	EndGlobalSection
	GlobalSection(ProjectConfigurationPlatforms) = postSolution
		{65E77FB7-BA67-4652-9BF1-CB9EBB441784}.Debug|Any CPU.ActiveCfg = Debug|Any CPU
		{65E77FB7-BA67-4652-9BF1-CB9EBB441784}.Debug|Any CPU.Build.0 = Debug|Any CPU
		{65E77FB7-BA67-4652-9BF1-CB9EBB441784}.Release|Any CPU.ActiveCfg = Release|Any CPU
		{65E77FB7-BA67-4652-9BF1-CB9EBB441784}.Release|Any CPU.Build.0 = Release|Any CPU
	EndGlobalSection
	GlobalSection(SolutionProperties) = preSolution
		HideSolutionNode = FALSE
	EndGlobalSection
	GlobalSection(ExtensibilityGlobals) = postSolution
		SolutionGuid = {18D9CF99-BC30-46F9-8BD4-FA6F80A8A50D}
	EndGlobalSection
EndGlobal
