
Microsoft Visual Studio Solution File, Format Version 12.00
# Visual Studio Version 16
VisualStudioVersion = 16.0.30204.135
MinimumVisualStudioVersion = 10.0.40219.1
Project("{FAE04EC0-301F-11D3-BF4B-00C04F79EFBC}") = "aula", "aula.csproj", "{A2F1F4C8-F9E1-4CC0-A6C7-235495150F26}"
EndProject
Global
	GlobalSection(SolutionConfigurationPlatforms) = preSolution
		Debug|Any CPU = Debug|Any CPU
		Release|Any CPU = Release|Any CPU
	EndGlobalSection
	GlobalSection(ProjectConfigurationPlatforms) = postSolution
		{A2F1F4C8-F9E1-4CC0-A6C7-235495150F26}.Debug|Any CPU.ActiveCfg = Debug|Any CPU
		{A2F1F4C8-F9E1-4CC0-A6C7-235495150F26}.Debug|Any CPU.Build.0 = Debug|Any CPU
		{A2F1F4C8-F9E1-4CC0-A6C7-235495150F26}.Release|Any CPU.ActiveCfg = Release|Any CPU
		{A2F1F4C8-F9E1-4CC0-A6C7-235495150F26}.Release|Any CPU.Build.0 = Release|Any CPU
	EndGlobalSection
	GlobalSection(SolutionProperties) = preSolution
		HideSolutionNode = FALSE
	EndGlobalSection
	GlobalSection(ExtensibilityGlobals) = postSolution
		SolutionGuid = {0029CBE7-8974-4324-AD76-2FCCD3193F19}
	EndGlobalSection
EndGlobal
