
Microsoft Visual Studio Solution File, Format Version 12.00
# Visual Studio Version 16
VisualStudioVersion = 16.0.30204.135
MinimumVisualStudioVersion = 10.0.40219.1
Project("{FAE04EC0-301F-11D3-BF4B-00C04F79EFBC}") = "aula", "aula.csproj", "{D135DDB9-85DE-464B-ABC2-6EAD977A9364}"
EndProject
Global
	GlobalSection(SolutionConfigurationPlatforms) = preSolution
		Debug|Any CPU = Debug|Any CPU
		Release|Any CPU = Release|Any CPU
	EndGlobalSection
	GlobalSection(ProjectConfigurationPlatforms) = postSolution
		{D135DDB9-85DE-464B-ABC2-6EAD977A9364}.Debug|Any CPU.ActiveCfg = Debug|Any CPU
		{D135DDB9-85DE-464B-ABC2-6EAD977A9364}.Debug|Any CPU.Build.0 = Debug|Any CPU
		{D135DDB9-85DE-464B-ABC2-6EAD977A9364}.Release|Any CPU.ActiveCfg = Release|Any CPU
		{D135DDB9-85DE-464B-ABC2-6EAD977A9364}.Release|Any CPU.Build.0 = Release|Any CPU
	EndGlobalSection
	GlobalSection(SolutionProperties) = preSolution
		HideSolutionNode = FALSE
	EndGlobalSection
	GlobalSection(ExtensibilityGlobals) = postSolution
		SolutionGuid = {46826E08-2EF0-486D-85B3-4F6F2356F9C1}
	EndGlobalSection
EndGlobal
